github.com/KevinStrong/daysbetween v0.0.1 h1:EY5TuVXXwWcn4Ubh/gs+9C7EvF4gA/vrQaM1bDM8spk=
github.com/KevinStrong/daysbetween v0.0.1/go.mod h1:NUjkwZoEQn6V21WTTpS+kxYeSOyOWhE+m/gqG/b76hA=
github.com/matryer/is v1.4.0 h1:sosSmIWwkYITGrxZ25ULNDeKiMNzFSr4V/eqBQP0PeE=
github.com/matryer/is v1.4.0/go.mod h1:8I/i5uYgLzgsgEloJE1U6xx5HkBQpAZvepWuujKwMRU=
